// !$*UTF8*$!
{
	archiveVersion = 1;
	classes = {
	};
	objectVersion = 46;
	objects = {

/* Begin PBXBuildFile section */
		C78FAF931A2EC93500C082A9 /* main.m in Sources */ = {isa = PBXBuildFile; fileRef = C78FAF921A2EC93500C082A9 /* main.m */; };
		C78FAF961A2EC93500C082A9 /* AppDelegate.m in Sources */ = {isa = PBXBuildFile; fileRef = C78FAF951A2EC93500C082A9 /* AppDelegate.m */; };
		C78FAF991A2EC93500C082A9 /* ViewController.m in Sources */ = {isa = PBXBuildFile; fileRef = C78FAF981A2EC93500C082A9 /* ViewController.m */; };
		C78FAF9C1A2EC93500C082A9 /* Main.storyboard in Resources */ = {isa = PBXBuildFile; fileRef = C78FAF9A1A2EC93500C082A9 /* Main.storyboard */; };
		C78FAF9E1A2EC93500C082A9 /* Images.xcassets in Resources */ = {isa = PBXBuildFile; fileRef = C78FAF9D1A2EC93500C082A9 /* Images.xcassets */; };
		C78FAFA11A2EC93500C082A9 /* LaunchScreen.xib in Resources */ = {isa = PBXBuildFile; fileRef = C78FAF9F1A2EC93500C082A9 /* LaunchScreen.xib */; };
		C78FAFAD1A2EC93500C082A9 /* QuizTests.m in Sources */ = {isa = PBXBuildFile; fileRef = C78FAFAC1A2EC93500C082A9 /* QuizTests.m */; };
		C78FAFB81A2EE75300C082A9 /* start.png in Resources */ = {isa = PBXBuildFile; fileRef = C78FAFB61A2EE75300C082A9 /* start.png */; };
		C78FAFB91A2EE75300C082A9 /* true.png in Resources */ = {isa = PBXBuildFile; fileRef = C78FAFB71A2EE75300C082A9 /* true.png */; };
		C78FAFBF1A2EE76300C082A9 /* back.png in Resources */ = {isa = PBXBuildFile; fileRef = C78FAFBA1A2EE76300C082A9 /* back.png */; };
		C78FAFC01A2EE76300C082A9 /* false.png in Resources */ = {isa = PBXBuildFile; fileRef = C78FAFBB1A2EE76300C082A9 /* false.png */; };
		C78FAFC11A2EE76300C082A9 /* level0030.png in Resources */ = {isa = PBXBuildFile; fileRef = C78FAFBC1A2EE76300C082A9 /* level0030.png */; };
		C78FAFC21A2EE76300C082A9 /* level90.png in Resources */ = {isa = PBXBuildFile; fileRef = C78FAFBD1A2EE76300C082A9 /* level90.png */; };
		C78FAFC31A2EE76300C082A9 /* level3090.png in Resources */ = {isa = PBXBuildFile; fileRef = C78FAFBE1A2EE76300C082A9 /* level3090.png */; };
		C7B7A1B11A3002B10092A067 /* ResultViewController.m in Sources */ = {isa = PBXBuildFile; fileRef = C7B7A1B01A3002B10092A067 /* ResultViewController.m */; };
/* End PBXBuildFile section */

/* Begin PBXContainerItemProxy section */
		C78FAFA71A2EC93500C082A9 /* PBXContainerItemProxy */ = {
			isa = PBXContainerItemProxy;
			containerPortal = C78FAF851A2EC93500C082A9 /* Project object */;
			proxyType = 1;
			remoteGlobalIDString = C78FAF8C1A2EC93500C082A9;
			remoteInfo = Quiz;
		};
/* End PBXContainerItemProxy section */

/* Begin PBXFileReference section */
		C78FAF8D1A2EC93500C082A9 /* Quiz.app */ = {isa = PBXFileReference; explicitFileType = wrapper.application; includeInIndex = 0; path = Quiz.app; sourceTree = BUILT_PRODUCTS_DIR; };
		C78FAF911A2EC93500C082A9 /* Info.plist */ = {isa = PBXFileReference; lastKnownFileType = text.plist.xml; path = Info.plist; sourceTree = "<group>"; };
		C78FAF921A2EC93500C082A9 /* main.m */ = {isa = PBXFileReference; lastKnownFileType = sourcecode.c.objc; path = main.m; sourceTree = "<group>"; };
		C78FAF941A2EC93500C082A9 /* AppDelegate.h */ = {isa = PBXFileReference; lastKnownFileType = sourcecode.c.h; path = AppDelegate.h; sourceTree = "<group>"; };
		C78FAF951A2EC93500C082A9 /* AppDelegate.m */ = {isa = PBXFileReference; lastKnownFileType = sourcecode.c.objc; path = AppDelegate.m; sourceTree = "<group>"; };
		C78FAF971A2EC93500C082A9 /* ViewController.h */ = {isa = PBXFileReference; lastKnownFileType = sourcecode.c.h; path = ViewController.h; sourceTree = "<group>"; };
		C78FAF981A2EC93500C082A9 /* ViewController.m */ = {isa = PBXFileReference; lastKnownFileType = sourcecode.c.objc; path = ViewController.m; sourceTree = "<group>"; };
		C78FAF9B1A2EC93500C082A9 /* Base */ = {isa = PBXFileReference; lastKnownFileType = file.storyboard; name = Base; path = Base.lproj/Main.storyboard; sourceTree = "<group>"; };
		C78FAF9D1A2EC93500C082A9 /* Images.xcassets */ = {isa = PBXFileReference; lastKnownFileType = folder.assetcatalog; path = Images.xcassets; sourceTree = "<group>"; };
		C78FAFA01A2EC93500C082A9 /* Base */ = {isa = PBXFileReference; lastKnownFileType = file.xib; name = Base; path = Base.lproj/LaunchScreen.xib; sourceTree = "<group>"; };
		C78FAFA61A2EC93500C082A9 /* QuizTests.xctest */ = {isa = PBXFileReference; explicitFileType = wrapper.cfbundle; includeInIndex = 0; path = QuizTests.xctest; sourceTree = BUILT_PRODUCTS_DIR; };
		C78FAFAB1A2EC93500C082A9 /* Info.plist */ = {isa = PBXFileReference; lastKnownFileType = text.plist.xml; path = Info.plist; sourceTree = "<group>"; };
		C78FAFAC1A2EC93500C082A9 /* QuizTests.m */ = {isa = PBXFileReference; lastKnownFileType = sourcecode.c.objc; path = QuizTests.m; sourceTree = "<group>"; };
		C78FAFB61A2EE75300C082A9 /* start.png */ = {isa = PBXFileReference; lastKnownFileType = image.png; path = start.png; sourceTree = "<group>"; };
		C78FAFB71A2EE75300C082A9 /* true.png */ = {isa = PBXFileReference; lastKnownFileType = image.png; path = true.png; sourceTree = "<group>"; };
		C78FAFBA1A2EE76300C082A9 /* back.png */ = {isa = PBXFileReference; lastKnownFileType = image.png; path = back.png; sourceTree = "<group>"; };
		C78FAFBB1A2EE76300C082A9 /* false.png */ = {isa = PBXFileReference; lastKnownFileType = image.png; path = false.png; sourceTree = "<group>"; };
		C78FAFBC1A2EE76300C082A9 /* level0030.png */ = {isa = PBXFileReference; lastKnownFileType = image.png; path = level0030.png; sourceTree = "<group>"; };
		C78FAFBD1A2EE76300C082A9 /* level90.png */ = {isa = PBXFileReference; lastKnownFileType = image.png; path = level90.png; sourceTree = "<group>"; };
		C78FAFBE1A2EE76300C082A9 /* level3090.png */ = {isa = PBXFileReference; lastKnownFileType = image.png; path = level3090.png; sourceTree = "<group>"; };
		C7B7A1AF1A3002B10092A067 /* ResultViewController.h */ = {isa = PBXFileReference; fileEncoding = 4; lastKnownFileType = sourcecode.c.h; path = ResultViewController.h; sourceTree = "<group>"; };
		C7B7A1B01A3002B10092A067 /* ResultViewController.m */ = {isa = PBXFileReference; fileEncoding = 4; lastKnownFileType = sourcecode.c.objc; path = ResultViewController.m; sourceTree = "<group>"; };
/* End PBXFileReference section */

/* Begin PBXFrameworksBuildPhase section */
		C78FAF8A1A2EC93500C082A9 /* Frameworks */ = {
			isa = PBXFrameworksBuildPhase;
			buildActionMask = 2147483647;
			files = (
			);
			runOnlyForDeploymentPostprocessing = 0;
		};
		C78FAFA31A2EC93500C082A9 /* Frameworks */ = {
			isa = PBXFrameworksBuildPhase;
			buildActionMask = 2147483647;
			files = (
			);
			runOnlyForDeploymentPostprocessing = 0;
		};
/* End PBXFrameworksBuildPhase section */

/* Begin PBXGroup section */
		C78FAF841A2EC93500C082A9 = {
			isa = PBXGroup;
			children = (
				C78FAF8F1A2EC93500C082A9 /* Quiz */,
				C78FAFA91A2EC93500C082A9 /* QuizTests */,
				C78FAF8E1A2EC93500C082A9 /* Products */,
			);
			sourceTree = "<group>";
		};
		C78FAF8E1A2EC93500C082A9 /* Products */ = {
			isa = PBXGroup;
			children = (
				C78FAF8D1A2EC93500C082A9 /* Quiz.app */,
				C78FAFA61A2EC93500C082A9 /* QuizTests.xctest */,
			);
			name = Products;
			sourceTree = "<group>";
		};
		C78FAF8F1A2EC93500C082A9 /* Quiz */ = {
			isa = PBXGroup;
			children = (
				C78FAFBA1A2EE76300C082A9 /* back.png */,
				C78FAFBB1A2EE76300C082A9 /* false.png */,
				C78FAFBC1A2EE76300C082A9 /* level0030.png */,
				C78FAFBD1A2EE76300C082A9 /* level90.png */,
				C78FAFBE1A2EE76300C082A9 /* level3090.png */,
				C78FAFB61A2EE75300C082A9 /* start.png */,
				C78FAFB71A2EE75300C082A9 /* true.png */,
				C78FAF941A2EC93500C082A9 /* AppDelegate.h */,
				C78FAF951A2EC93500C082A9 /* AppDelegate.m */,
				C78FAF971A2EC93500C082A9 /* ViewController.h */,
				C78FAF981A2EC93500C082A9 /* ViewController.m */,
				C7B7A1AF1A3002B10092A067 /* ResultViewController.h */,
				C7B7A1B01A3002B10092A067 /* ResultViewController.m */,
				C78FAF9A1A2EC93500C082A9 /* Main.storyboard */,
				C78FAF9D1A2EC93500C082A9 /* Images.xcassets */,
				C78FAF9F1A2EC93500C082A9 /* LaunchScreen.xib */,
				C78FAF901A2EC93500C082A9 /* Supporting Files */,
			);
			path = Quiz;
			sourceTree = "<group>";
		};
		C78FAF901A2EC93500C082A9 /* Supporting Files */ = {
			isa = PBXGroup;
			children = (
				C78FAF911A2EC93500C082A9 /* Info.plist */,
				C78FAF921A2EC93500C082A9 /* main.m */,
			);
			name = "Supporting Files";
			sourceTree = "<group>";
		};
		C78FAFA91A2EC93500C082A9 /* QuizTests */ = {
			isa = PBXGroup;
			children = (
				C78FAFAC1A2EC93500C082A9 /* QuizTests.m */,
				C78FAFAA1A2EC93500C082A9 /* Supporting Files */,
			);
			path = QuizTests;
			sourceTree = "<group>";
		};
		C78FAFAA1A2EC93500C082A9 /* Supporting Files */ = {
			isa = PBXGroup;
			children = (
				C78FAFAB1A2EC93500C082A9 /* Info.plist */,
			);
			name = "Supporting Files";
			sourceTree = "<group>";
		};
/* End PBXGroup section */

/* Begin PBXNativeTarget section */
		C78FAF8C1A2EC93500C082A9 /* Quiz */ = {
			isa = PBXNativeTarget;
			buildConfigurationList = C78FAFB01A2EC93500C082A9 /* Build configuration list for PBXNativeTarget "Quiz" */;
			buildPhases = (
				C78FAF891A2EC93500C082A9 /* Sources */,
				C78FAF8A1A2EC93500C082A9 /* Frameworks */,
				C78FAF8B1A2EC93500C082A9 /* Resources */,
			);
			buildRules = (
			);
			dependencies = (
			);
			name = Quiz;
			productName = Quiz;
			productReference = C78FAF8D1A2EC93500C082A9 /* Quiz.app */;
			productType = "com.apple.product-type.application";
		};
		C78FAFA51A2EC93500C082A9 /* QuizTests */ = {
			isa = PBXNativeTarget;
			buildConfigurationList = C78FAFB31A2EC93500C082A9 /* Build configuration list for PBXNativeTarget "QuizTests" */;
			buildPhases = (
				C78FAFA21A2EC93500C082A9 /* Sources */,
				C78FAFA31A2EC93500C082A9 /* Frameworks */,
				C78FAFA41A2EC93500C082A9 /* Resources */,
			);
			buildRules = (
			);
			dependencies = (
				C78FAFA81A2EC93500C082A9 /* PBXTargetDependency */,
			);
			name = QuizTests;
			productName = QuizTests;
			productReference = C78FAFA61A2EC93500C082A9 /* QuizTests.xctest */;
			productType = "com.apple.product-type.bundle.unit-test";
		};
/* End PBXNativeTarget section */

/* Begin PBXProject section */
		C78FAF851A2EC93500C082A9 /* Project object */ = {
			isa = PBXProject;
			attributes = {
				LastUpgradeCheck = 0610;
				ORGANIZATIONNAME = ohtatomotaka;
				TargetAttributes = {
					C78FAF8C1A2EC93500C082A9 = {
						CreatedOnToolsVersion = 6.1;
					};
					C78FAFA51A2EC93500C082A9 = {
						CreatedOnToolsVersion = 6.1;
						TestTargetID = C78FAF8C1A2EC93500C082A9;
					};
				};
			};
			buildConfigurationList = C78FAF881A2EC93500C082A9 /* Build configuration list for PBXProject "Quiz" */;
			compatibilityVersion = "Xcode 3.2";
			developmentRegion = English;
			hasScannedForEncodings = 0;
			knownRegions = (
				en,
				Base,
			);
			mainGroup = C78FAF841A2EC93500C082A9;
			productRefGroup = C78FAF8E1A2EC93500C082A9 /* Products */;
			projectDirPath = "";
			projectRoot = "";
			targets = (
				C78FAF8C1A2EC93500C082A9 /* Quiz */,
				C78FAFA51A2EC93500C082A9 /* QuizTests */,
			);
		};
/* End PBXProject section */

/* Begin PBXResourcesBuildPhase section */
		C78FAF8B1A2EC93500C082A9 /* Resources */ = {
			isa = PBXResourcesBuildPhase;
			buildActionMask = 2147483647;
			files = (
				C78FAF9C1A2EC93500C082A9 /* Main.storyboard in Resources */,
				C78FAFB91A2EE75300C082A9 /* true.png in Resources */,
				C78FAFBF1A2EE76300C082A9 /* back.png in Resources */,
				C78FAFC11A2EE76300C082A9 /* level0030.png in Resources */,
				C78FAFC31A2EE76300C082A9 /* level3090.png in Resources */,
				C78FAFC21A2EE76300C082A9 /* level90.png in Resources */,
				C78FAFA11A2EC93500C082A9 /* LaunchScreen.xib in Resources */,
				C78FAFB81A2EE75300C082A9 /* start.png in Resources */,
				C78FAF9E1A2EC93500C082A9 /* Images.xcassets in Resources */,
				C78FAFC01A2EE76300C082A9 /* false.png in Resources */,
			);
			runOnlyForDeploymentPostprocessing = 0;
		};
		C78FAFA41A2EC93500C082A9 /* Resources */ = {
			isa = PBXResourcesBuildPhase;
			buildActionMask = 2147483647;
			files = (
			);
			runOnlyForDeploymentPostprocessing = 0;
		};
/* End PBXResourcesBuildPhase section */

/* Begin PBXSourcesBuildPhase section */
		C78FAF891A2EC93500C082A9 /* Sources */ = {
			isa = PBXSourcesBuildPhase;
			buildActionMask = 2147483647;
			files = (
				C78FAF991A2EC93500C082A9 /* ViewController.m in Sources */,
				C78FAF961A2EC93500C082A9 /* AppDelegate.m in Sources */,
				C78FAF931A2EC93500C082A9 /* main.m in Sources */,
				C7B7A1B11A3002B10092A067 /* ResultViewController.m in Sources */,
			);
			runOnlyForDeploymentPostprocessing = 0;
		};
		C78FAFA21A2EC93500C082A9 /* Sources */ = {
			isa = PBXSourcesBuildPhase;
			buildActionMask = 2147483647;
			files = (
				C78FAFAD1A2EC93500C082A9 /* QuizTests.m in Sources */,
			);
			runOnlyForDeploymentPostprocessing = 0;
		};
/* End PBXSourcesBuildPhase section */

/* Begin PBXTargetDependency section */
		C78FAFA81A2EC93500C082A9 /* PBXTargetDependency */ = {
			isa = PBXTargetDependency;
			target = C78FAF8C1A2EC93500C082A9 /* Quiz */;
			targetProxy = C78FAFA71A2EC93500C082A9 /* PBXContainerItemProxy */;
		};
/* End PBXTargetDependency section */

/* Begin PBXVariantGroup section */
		C78FAF9A1A2EC93500C082A9 /* Main.storyboard */ = {
			isa = PBXVariantGroup;
			children = (
				C78FAF9B1A2EC93500C082A9 /* Base */,
			);
			name = Main.storyboard;
			sourceTree = "<group>";
		};
		C78FAF9F1A2EC93500C082A9 /* LaunchScreen.xib */ = {
			isa = PBXVariantGroup;
			children = (
				C78FAFA01A2EC93500C082A9 /* Base */,
			);
			name = LaunchScreen.xib;
			sourceTree = "<group>";
		};
/* End PBXVariantGroup section */

/* Begin XCBuildConfiguration section */
		C78FAFAE1A2EC93500C082A9 /* Debug */ = {
			isa = XCBuildConfiguration;
			buildSettings = {
				ALWAYS_SEARCH_USER_PATHS = NO;
				CLANG_CXX_LANGUAGE_STANDARD = "gnu++0x";
				CLANG_CXX_LIBRARY = "libc++";
				CLANG_ENABLE_MODULES = YES;
				CLANG_ENABLE_OBJC_ARC = YES;
				CLANG_WARN_BOOL_CONVERSION = YES;
				CLANG_WARN_CONSTANT_CONVERSION = YES;
				CLANG_WARN_DIRECT_OBJC_ISA_USAGE = YES_ERROR;
				CLANG_WARN_EMPTY_BODY = YES;
				CLANG_WARN_ENUM_CONVERSION = YES;
				CLANG_WARN_INT_CONVERSION = YES;
				CLANG_WARN_OBJC_ROOT_CLASS = YES_ERROR;
				CLANG_WARN_UNREACHABLE_CODE = YES;
				CLANG_WARN__DUPLICATE_METHOD_MATCH = YES;
				"CODE_SIGN_IDENTITY[sdk=iphoneos*]" = "iPhone Developer";
				COPY_PHASE_STRIP = NO;
				ENABLE_STRICT_OBJC_MSGSEND = YES;
				GCC_C_LANGUAGE_STANDARD = gnu99;
				GCC_DYNAMIC_NO_PIC = NO;
				GCC_OPTIMIZATION_LEVEL = 0;
				GCC_PREPROCESSOR_DEFINITIONS = (
					"DEBUG=1",
					"$(inherited)",
				);
				GCC_SYMBOLS_PRIVATE_EXTERN = NO;
				GCC_WARN_64_TO_32_BIT_CONVERSION = YES;
				GCC_WARN_ABOUT_RETURN_TYPE = YES_ERROR;
				GCC_WARN_UNDECLARED_SELECTOR = YES;
				GCC_WARN_UNINITIALIZED_AUTOS = YES_AGGRESSIVE;
				GCC_WARN_UNUSED_FUNCTION = YES;
				GCC_WARN_UNUSED_VARIABLE = YES;
				IPHONEOS_DEPLOYMENT_TARGET = 8.1;
				MTL_ENABLE_DEBUG_INFO = YES;
				ONLY_ACTIVE_ARCH = YES;
				SDKROOT = iphoneos;
			};
			name = Debug;
		};
		C78FAFAF1A2EC93500C082A9 /* Release */ = {
			isa = XCBuildConfiguration;
			buildSettings = {
				ALWAYS_SEARCH_USER_PATHS = NO;
				CLANG_CXX_LANGUAGE_STANDARD = "gnu++0x";
				CLANG_CXX_LIBRARY = "libc++";
				CLANG_ENABLE_MODULES = YES;
				CLANG_ENABLE_OBJC_ARC = YES;
				CLANG_WARN_BOOL_CONVERSION = YES;
				CLANG_WARN_CONSTANT_CONVERSION = YES;
				CLANG_WARN_DIRECT_OBJC_ISA_USAGE = YES_ERROR;
				CLANG_WARN_EMPTY_BODY = YES;
				CLANG_WARN_ENUM_CONVERSION = YES;
				CLANG_WARN_INT_CONVERSION = YES;
				CLANG_WARN_OBJC_ROOT_CLASS = YES_ERROR;
				CLANG_WARN_UNREACHABLE_CODE = YES;
				CLANG_WARN__DUPLICATE_METHOD_MATCH = YES;
				"CODE_SIGN_IDENTITY[sdk=iphoneos*]" = "iPhone Developer";
				COPY_PHASE_STRIP = YES;
				ENABLE_NS_ASSERTIONS = NO;
				ENABLE_STRICT_OBJC_MSGSEND = YES;
				GCC_C_LANGUAGE_STANDARD = gnu99;
				GCC_WARN_64_TO_32_BIT_CONVERSION = YES;
				GCC_WARN_ABOUT_RETURN_TYPE = YES_ERROR;
				GCC_WARN_UNDECLARED_SELECTOR = YES;
				GCC_WARN_UNINITIALIZED_AUTOS = YES_AGGRESSIVE;
				GCC_WARN_UNUSED_FUNCTION = YES;
				GCC_WARN_UNUSED_VARIABLE = YES;
				IPHONEOS_DEPLOYMENT_TARGET = 8.1;
				MTL_ENABLE_DEBUG_INFO = NO;
				SDKROOT = iphoneos;
				VALIDATE_PRODUCT = YES;
			};
			name = Release;
		};
		C78FAFB11A2EC93500C082A9 /* Debug */ = {
			isa = XCBuildConfiguration;
			buildSettings = {
				ASSETCATALOG_COMPILER_APPICON_NAME = AppIcon;
				INFOPLIST_FILE = Quiz/Info.plist;
				LD_RUNPATH_SEARCH_PATHS = "$(inherited) @executable_path/Frameworks";
				PRODUCT_NAME = "$(TARGET_NAME)";
			};
			name = Debug;
		};
		C78FAFB21A2EC93500C082A9 /* Release */ = {
			isa = XCBuildConfiguration;
			buildSettings = {
				ASSETCATALOG_COMPILER_APPICON_NAME = AppIcon;
				INFOPLIST_FILE = Quiz/Info.plist;
				LD_RUNPATH_SEARCH_PATHS = "$(inherited) @executable_path/Frameworks";
				PRODUCT_NAME = "$(TARGET_NAME)";
			};
			name = Release;
		};
		C78FAFB41A2EC93500C082A9 /* Debug */ = {
			isa = XCBuildConfiguration;
			buildSettings = {
				BUNDLE_LOADER = "$(TEST_HOST)";
				FRAMEWORK_SEARCH_PATHS = (
					"$(SDKROOT)/Developer/Library/Frameworks",
					"$(inherited)",
				);
				GCC_PREPROCESSOR_DEFINITIONS = (
					"DEBUG=1",
					"$(inherited)",
				);
				INFOPLIST_FILE = QuizTests/Info.plist;
				LD_RUNPATH_SEARCH_PATHS = "$(inherited) @executable_path/Frameworks @loader_path/Frameworks";
				PRODUCT_NAME = "$(TARGET_NAME)";
				TEST_HOST = "$(BUILT_PRODUCTS_DIR)/Quiz.app/Quiz";
			};
			name = Debug;
		};
		C78FAFB51A2EC93500C082A9 /* Release */ = {
			isa = XCBuildConfiguration;
			buildSettings = {
				BUNDLE_LOADER = "$(TEST_HOST)";
				FRAMEWORK_SEARCH_PATHS = (
					"$(SDKROOT)/Developer/Library/Frameworks",
					"$(inherited)",
				);
				INFOPLIST_FILE = QuizTests/Info.plist;
				LD_RUNPATH_SEARCH_PATHS = "$(inherited) @executable_path/Frameworks @loader_path/Frameworks";
				PRODUCT_NAME = "$(TARGET_NAME)";
				TEST_HOST = "$(BUILT_PRODUCTS_DIR)/Quiz.app/Quiz";
			};
			name = Release;
		};
/* End XCBuildConfiguration section */

/* Begin XCConfigurationList section */
		C78FAF881A2EC93500C082A9 /* Build configuration list for PBXProject "Quiz" */ = {
			isa = XCConfigurationList;
			buildConfigurations = (
				C78FAFAE1A2EC93500C082A9 /* Debug */,
				C78FAFAF1A2EC93500C082A9 /* Release */,
			);
			defaultConfigurationIsVisible = 0;
			defaultConfigurationName = Release;
		};
		C78FAFB01A2EC93500C082A9 /* Build configuration list for PBXNativeTarget "Quiz" */ = {
			isa = XCConfigurationList;
			buildConfigurations = (
				C78FAFB11A2EC93500C082A9 /* Debug */,
				C78FAFB21A2EC93500C082A9 /* Release */,
			);
			defaultConfigurationIsVisible = 0;
			defaultConfigurationName = Release;
		};
		C78FAFB31A2EC93500C082A9 /* Build configuration list for PBXNativeTarget "QuizTests" */ = {
			isa = XCConfigurationList;
			buildConfigurations = (
				C78FAFB41A2EC93500C082A9 /* Debug */,
				C78FAFB51A2EC93500C082A9 /* Release */,
			);
			defaultConfigurationIsVisible = 0;
			defaultConfigurationName = Release;
		};
/* End XCConfigurationList section */
	};
	rootObject = C78FAF851A2EC93500C082A9 /* Project object */;
}
